
Microsoft Visual Studio Solution File, Format Version 12.00
# Visual Studio 15
VisualStudioVersion = 15.0.28307.489
MinimumVisualStudioVersion = 10.0.40219.1
Project("{FAE04EC0-301F-11D3-BF4B-00C04F79EFBC}") = "MeetingRoomBookApplication", "ProjectTeam04TermProject\MeetingRoomBookApplication.csproj", "{2FDD311F-583C-405A-A67A-483175A30FD4}"
EndProject
Project("{00D1A9C2-B5F0-4AF3-8072-F6C62B433612}") = "MeetingRoomBookingDatabase", "MeetingRoomBookingDatabase\MeetingRoomBookingDatabase.sqlproj", "{BED5BD16-5F63-44DA-AAE7-C81B331555D9}"
EndProject
Project("{FAE04EC0-301F-11D3-BF4B-00C04F79EFBC}") = "MeetingRoomBookingDataSeed", "MeetingRoomBookingDataSeed\MeetingRoomBookingDataSeed.csproj", "{4B426B8D-B855-492F-9D91-C5A83A513F36}"
EndProject
Global
	GlobalSection(SolutionConfigurationPlatforms) = preSolution
		Debug|Any CPU = Debug|Any CPU
		Release|Any CPU = Release|Any CPU
	EndGlobalSection
	GlobalSection(ProjectConfigurationPlatforms) = postSolution
		{2FDD311F-583C-405A-A67A-483175A30FD4}.Debug|Any CPU.ActiveCfg = Debug|Any CPU
		{2FDD311F-583C-405A-A67A-483175A30FD4}.Debug|Any CPU.Build.0 = Debug|Any CPU
		{2FDD311F-583C-405A-A67A-483175A30FD4}.Release|Any CPU.ActiveCfg = Release|Any CPU
		{2FDD311F-583C-405A-A67A-483175A30FD4}.Release|Any CPU.Build.0 = Release|Any CPU
		{BED5BD16-5F63-44DA-AAE7-C81B331555D9}.Debug|Any CPU.ActiveCfg = Debug|Any CPU
		{BED5BD16-5F63-44DA-AAE7-C81B331555D9}.Debug|Any CPU.Build.0 = Debug|Any CPU
		{BED5BD16-5F63-44DA-AAE7-C81B331555D9}.Debug|Any CPU.Deploy.0 = Debug|Any CPU
		{BED5BD16-5F63-44DA-AAE7-C81B331555D9}.Release|Any CPU.ActiveCfg = Release|Any CPU
		{BED5BD16-5F63-44DA-AAE7-C81B331555D9}.Release|Any CPU.Build.0 = Release|Any CPU
		{BED5BD16-5F63-44DA-AAE7-C81B331555D9}.Release|Any CPU.Deploy.0 = Release|Any CPU
		{4B426B8D-B855-492F-9D91-C5A83A513F36}.Debug|Any CPU.ActiveCfg = Debug|Any CPU
		{4B426B8D-B855-492F-9D91-C5A83A513F36}.Debug|Any CPU.Build.0 = Debug|Any CPU
		{4B426B8D-B855-492F-9D91-C5A83A513F36}.Release|Any CPU.ActiveCfg = Release|Any CPU
		{4B426B8D-B855-492F-9D91-C5A83A513F36}.Release|Any CPU.Build.0 = Release|Any CPU
	EndGlobalSection
	GlobalSection(SolutionProperties) = preSolution
		HideSolutionNode = FALSE
	EndGlobalSection
	GlobalSection(ExtensibilityGlobals) = postSolution
		SolutionGuid = {9B2BFB12-7602-43CE-93FF-098B32B6F469}
	EndGlobalSection
EndGlobal
